<?xml version="1.0" encoding="utf-8"?>
<Project ToolsVersion="4.0" xmlns="http://schemas.microsoft.com/developer/msbuild/2003">
  <ItemGroup>
    <Filter Include="Source Files">
      <UniqueIdentifier>{4FC737F1-C7A5-4376-A066-2A32D752A2FF}</UniqueIdentifier>
      <Extensions>cpp;c;cc;cxx;def;odl;idl;hpj;bat;asm;asmx</Extensions>
    </Filter>
    <Filter Include="Header Files">
      <UniqueIdentifier>{93995380-89BD-4b04-88EB-625FBE52EBFB}</UniqueIdentifier>
      <Extensions>h;hh;hpp;hxx;hm;inl;inc;xsd</Extensions>
    </Filter>
    <Filter Include="Week1">
      <UniqueIdentifier>{6469432c-2a1e-411f-a745-f6b8fe556dad}</UniqueIdentifier>
    </Filter>
    <Filter Include="Source Files\Steering">
      <UniqueIdentifier>{662b1032-ea03-45fa-8490-2cd94323107c}</UniqueIdentifier>
    </Filter>
    <Filter Include="Source Files\Entity">
      <UniqueIdentifier>{06ed82af-c2bb-40fe-ba0e-908a62f38146}</UniqueIdentifier>
    </Filter>
    <Filter Include="Header Files\Model">
      <UniqueIdentifier>{ce8429db-1a5a-48f6-877e-fe7f0d53bf39}</UniqueIdentifier>
    </Filter>
    <Filter Include="Header Files\Controller">
      <UniqueIdentifier>{fd75524c-5148-43b0-99f2-a70ffadfe59d}</UniqueIdentifier>
    </Filter>
    <Filter Include="Header Files\View">
      <UniqueIdentifier>{7341fe2d-78fd-4322-8ab1-ce3968b1afce}</UniqueIdentifier>
    </Filter>
    <Filter Include="Header Files\Model\Steering">
      <UniqueIdentifier>{19a3a84b-e738-4859-a750-f7d06fe551c8}</UniqueIdentifier>
    </Filter>
    <Filter Include="Header Files\Model\FrameWork">
      <UniqueIdentifier>{50ad01b3-d3aa-4ecf-bf59-82e1195034e8}</UniqueIdentifier>
    </Filter>
    <Filter Include="Header Files\Model\Entity">
      <UniqueIdentifier>{56662c6f-85d1-41e9-b56a-8b34f9577b85}</UniqueIdentifier>
    </Filter>
    <Filter Include="Header Files\Model\view">
      <UniqueIdentifier>{41f54ab6-858f-4b0b-8c56-10ef9bd0098a}</UniqueIdentifier>
    </Filter>
    <Filter Include="Source Files\View">
      <UniqueIdentifier>{dacaa1a8-dbc7-4342-bf33-c4b0b869e82a}</UniqueIdentifier>
    </Filter>
    <Filter Include="Source Files\Controller">
      <UniqueIdentifier>{ecfe6b5b-a4c6-4793-bd25-d2042bd63aa7}</UniqueIdentifier>
    </Filter>
    <Filter Include="Source Files\Model">
      <UniqueIdentifier>{a79abee8-315d-4a98-b3dd-ad9fc2dd477a}</UniqueIdentifier>
    </Filter>
    <Filter Include="Source Files\Model\Framework">
      <UniqueIdentifier>{f330d52f-2a72-40f2-839c-13e042f2e102}</UniqueIdentifier>
    </Filter>
  </ItemGroup>
  <ItemGroup>
    <ClCompile Include="SteeringBehaviours.cpp">
      <Filter>Source Files\Steering</Filter>
    </ClCompile>
    <ClCompile Include="CowEntity.cpp">
      <Filter>Source Files\Entity</Filter>
    </ClCompile>
    <ClCompile Include="MovingEntity.cpp">
      <Filter>Source Files\Entity</Filter>
    </ClCompile>
    <ClCompile Include="RabbitEntity.cpp">
      <Filter>Source Files\Entity</Filter>
    </ClCompile>
    <ClCompile Include="C2DMatrix.cpp">
      <Filter>Source Files\Model</Filter>
    </ClCompile>
    <ClCompile Include="FWApplication.cpp">
      <Filter>Source Files\Model\Framework</Filter>
    </ClCompile>
    <ClCompile Include="IGameObject.cpp">
      <Filter>Source Files\Model\Framework</Filter>
    </ClCompile>
    <ClCompile Include="GameWorld.cpp">
      <Filter>Source Files\Model</Filter>
    </ClCompile>
    <ClCompile Include="Main.cpp">
      <Filter>Source Files\Controller</Filter>
    </ClCompile>
    <ClCompile Include="context.cpp">
      <Filter>Source Files\Controller</Filter>
    </ClCompile>
    <ClCompile Include="Transformations.cpp">
      <Filter>Source Files\Model</Filter>
    </ClCompile>
  </ItemGroup>
  <ItemGroup>
    <None Include="SDL2.dll" />
  </ItemGroup>
  <ItemGroup>
    <ClInclude Include="Config.h">
      <Filter>Header Files\Model\FrameWork</Filter>
    </ClInclude>
    <ClInclude Include="FWApplication.h">
      <Filter>Header Files\Model\FrameWork</Filter>
    </ClInclude>
    <ClInclude Include="CowEntity.h">
      <Filter>Header Files\Model\Entity</Filter>
    </ClInclude>
    <ClInclude Include="RabbitEntity.h">
      <Filter>Header Files\Model\Entity</Filter>
    </ClInclude>
    <ClInclude Include="SteeringBehaviours.h">
      <Filter>Header Files\Model\Steering</Filter>
    </ClInclude>
    <ClInclude Include="MovingEntity.hpp">
      <Filter>Header Files\Model\Entity</Filter>
    </ClInclude>
    <ClInclude Include="C2DMatrix.h">
      <Filter>Header Files\Model\view</Filter>
    </ClInclude>
    <ClInclude Include="GameWorld.h">
      <Filter>Header Files\Model</Filter>
    </ClInclude>
    <ClInclude Include="IGameObject.h">
      <Filter>Header Files\Model</Filter>
    </ClInclude>
    <ClInclude Include="Utils.h">
      <Filter>Header Files\Controller</Filter>
    </ClInclude>
    <ClInclude Include="Vector2D.h">
      <Filter>Header Files\Model</Filter>
    </ClInclude>
    <ClInclude Include="Transformations.h">
      <Filter>Header Files\Model</Filter>
    </ClInclude>
    <ClInclude Include="context.h">
      <Filter>Header Files</Filter>
    </ClInclude>
  </ItemGroup>
</Project>