<?xml version="1.0" encoding="utf-8"?>
<Project ToolsVersion="4.0" xmlns="http://schemas.microsoft.com/developer/msbuild/2003">
  <ItemGroup>
    <Filter Include="Source Files">
      <UniqueIdentifier>{4FC737F1-C7A5-4376-A066-2A32D752A2FF}</UniqueIdentifier>
      <Extensions>cpp;c;cc;cxx;def;odl;idl;hpj;bat;asm;asmx</Extensions>
    </Filter>
    <Filter Include="Header Files">
      <UniqueIdentifier>{93995380-89BD-4b04-88EB-625FBE52EBFB}</UniqueIdentifier>
      <Extensions>h;hh;hpp;hxx;hm;inl;inc;xsd</Extensions>
    </Filter>
    <Filter Include="Week1">
      <UniqueIdentifier>{6469432c-2a1e-411f-a745-f6b8fe556dad}</UniqueIdentifier>
    </Filter>
    <Filter Include="Source Files\FrameWork">
      <UniqueIdentifier>{34f831a1-d991-4349-a1df-8b23479064f3}</UniqueIdentifier>
    </Filter>
    <Filter Include="Header Files\FrameWork">
      <UniqueIdentifier>{50ad01b3-d3aa-4ecf-bf59-82e1195034e8}</UniqueIdentifier>
    </Filter>
    <Filter Include="Source Files\Model">
      <UniqueIdentifier>{e8dd6e00-989a-4909-9ae4-9429b3538d05}</UniqueIdentifier>
    </Filter>
    <Filter Include="Source Files\Controller">
      <UniqueIdentifier>{b8b8ffcf-48e2-4a67-9980-7b2fbd761a3a}</UniqueIdentifier>
    </Filter>
    <Filter Include="Source Files\View">
      <UniqueIdentifier>{21fd4d5e-b159-495d-8d97-872200b1ea37}</UniqueIdentifier>
    </Filter>
    <Filter Include="Header Files\Model">
      <UniqueIdentifier>{03d56df0-b6bf-4323-a75e-fcddf7a389ed}</UniqueIdentifier>
    </Filter>
    <Filter Include="Header Files\Controller">
      <UniqueIdentifier>{41cd6169-e6cb-49e0-8dde-12bff6bfd1a9}</UniqueIdentifier>
    </Filter>
    <Filter Include="Header Files\View">
      <UniqueIdentifier>{d1d1267b-4ca8-452f-8df0-97eaa0b69735}</UniqueIdentifier>
    </Filter>
    <Filter Include="Header Files\Model\Units">
      <UniqueIdentifier>{5b4755da-d325-40fc-865f-44b3a457ba17}</UniqueIdentifier>
    </Filter>
    <Filter Include="Source Files\Model\Units">
      <UniqueIdentifier>{65a129d4-198f-4350-9700-f3b3b92f07ab}</UniqueIdentifier>
    </Filter>
    <Filter Include="Header Files\Model\Units\Base">
      <UniqueIdentifier>{a94b1a86-1aec-4e7b-9c3d-5ac943811e58}</UniqueIdentifier>
    </Filter>
    <Filter Include="Source Files\Model\Units\Base">
      <UniqueIdentifier>{653e7509-5a01-45a3-a24c-fc86de95f949}</UniqueIdentifier>
    </Filter>
    <Filter Include="Header Files\Model\SteeringBehaviours">
      <UniqueIdentifier>{589f5c5b-49d9-43e2-99fa-ae3c3b66f143}</UniqueIdentifier>
    </Filter>
    <Filter Include="Source Files\Model\SteeringBehaviours">
      <UniqueIdentifier>{8de23b12-1fc3-4f32-9ba5-7a83df9e786f}</UniqueIdentifier>
    </Filter>
    <Filter Include="Source Files\Model\SteeringBehaviours\MoveBehaviours">
      <UniqueIdentifier>{421dc6af-4083-4192-8aec-092bded28f82}</UniqueIdentifier>
    </Filter>
    <Filter Include="Header Files\Model\SteeringBehaviours\MoveBehaviours">
      <UniqueIdentifier>{47a78330-63b3-478b-909d-b0859a33a5b6}</UniqueIdentifier>
    </Filter>
    <Filter Include="Source Files\Model\Vector">
      <UniqueIdentifier>{d56b7c18-2994-49b6-af51-a2e9e669519f}</UniqueIdentifier>
    </Filter>
    <Filter Include="Header Files\Model\Vector">
      <UniqueIdentifier>{4781e6cb-a830-4dde-a2fc-cef8766cc546}</UniqueIdentifier>
    </Filter>
  </ItemGroup>
  <ItemGroup>
    <ClCompile Include="FWApplication.cpp">
      <Filter>Source Files\FrameWork</Filter>
    </ClCompile>
    <ClCompile Include="Main.cpp">
      <Filter>Source Files\Controller</Filter>
    </ClCompile>
    <ClCompile Include="Cow.cpp">
      <Filter>Source Files\Model\Units</Filter>
    </ClCompile>
    <ClCompile Include="BaseGameEntity.cpp">
      <Filter>Source Files\Model\Units\Base</Filter>
    </ClCompile>
    <ClCompile Include="MovingEntity.cpp">
      <Filter>Source Files\Model\Units\Base</Filter>
    </ClCompile>
    <ClCompile Include="Context.cpp">
      <Filter>Source Files\Controller</Filter>
    </ClCompile>
    <ClCompile Include="GameWorld.cpp">
      <Filter>Source Files\Controller</Filter>
    </ClCompile>
    <ClCompile Include="DrawScreen.cpp">
      <Filter>Source Files\View</Filter>
    </ClCompile>
    <ClCompile Include="Vector.cpp">
      <Filter>Source Files\Model\Vector</Filter>
    </ClCompile>
    <ClCompile Include="BaseVector.cpp">
      <Filter>Source Files\Model\Vector</Filter>
    </ClCompile>
    <ClCompile Include="Rabbit.cpp">
      <Filter>Source Files\Model\Units</Filter>
    </ClCompile>
    <ClCompile Include="Unit.cpp">
      <Filter>Source Files\Model\Units\Base</Filter>
    </ClCompile>
    <ClCompile Include="SeekBehaviour.cpp">
      <Filter>Source Files</Filter>
    </ClCompile>
    <ClCompile Include="FleeBehaviour.cpp">
      <Filter>Source Files</Filter>
    </ClCompile>
    <ClCompile Include="ArriveBehaviour.cpp">
      <Filter>Source Files</Filter>
    </ClCompile>
    <ClCompile Include="SteeringBehaviour.cpp">
      <Filter>Source Files\Model\SteeringBehaviours</Filter>
    </ClCompile>
  </ItemGroup>
  <ItemGroup>
    <None Include="SDL2.dll" />
  </ItemGroup>
  <ItemGroup>
    <ClInclude Include="Config.h">
      <Filter>Header Files\FrameWork</Filter>
    </ClInclude>
    <ClInclude Include="FWApplication.h">
      <Filter>Header Files\FrameWork</Filter>
    </ClInclude>
    <ClInclude Include="IGameObject.h">
      <Filter>Header Files\FrameWork</Filter>
    </ClInclude>
    <ClInclude Include="Cow.h">
      <Filter>Header Files\Model\Units</Filter>
    </ClInclude>
    <ClInclude Include="BaseGameEntity.h">
      <Filter>Header Files\Model\Units\Base</Filter>
    </ClInclude>
    <ClInclude Include="MovingEntity.h">
      <Filter>Header Files\Model\Units\Base</Filter>
    </ClInclude>
    <ClInclude Include="Context.h">
      <Filter>Header Files\Controller</Filter>
    </ClInclude>
    <ClInclude Include="GameWorld.h">
      <Filter>Header Files\Controller</Filter>
    </ClInclude>
    <ClInclude Include="DrawScreen.h">
      <Filter>Header Files\View</Filter>
    </ClInclude>
    <ClInclude Include="Unit.h">
      <Filter>Header Files\Model\Units\Base</Filter>
    </ClInclude>
    <ClInclude Include="BaseVector.h">
      <Filter>Header Files\Model\Vector</Filter>
    </ClInclude>
    <ClInclude Include="Vector.h">
      <Filter>Header Files\Model\Vector</Filter>
    </ClInclude>
    <ClInclude Include="Rabbit.h">
      <Filter>Header Files\Model\Units</Filter>
    </ClInclude>
    <ClInclude Include="ArriveBehaviour.h">
      <Filter>Header Files\Model\SteeringBehaviours\MoveBehaviours</Filter>
    </ClInclude>
    <ClInclude Include="FleeBehaviour.h">
      <Filter>Header Files\Model\SteeringBehaviours\MoveBehaviours</Filter>
    </ClInclude>
    <ClInclude Include="SeekBehaviour.h">
      <Filter>Header Files\Model\SteeringBehaviours\MoveBehaviours</Filter>
    </ClInclude>
    <ClInclude Include="SteeringBehaviour.h">
      <Filter>Header Files\Model\SteeringBehaviours</Filter>
    </ClInclude>
  </ItemGroup>
</Project>